dependencies:
  idf:
    component_hash: null
    source:
      type: idf
    version: 5.1.1
  rjrp44__vl53l5cx:
    component_hash: null
    source:
      path: C:\Users\Dani\Documents\Universidad\ANIOT\ProyectoFinal\ProyectoFinalv7\ProyectoFinal\components\rjrp44__vl53l5cx
      type: local
    version: 2.0.3
manifest_hash: 1800164a1446ec22b6208924c704cf878d4bf72f730cf57a17c5d434e510cb49
target: esp32
version: 1.0.0
